
Microsoft Visual Studio Solution File, Format Version 12.00
# Visual Studio 15
VisualStudioVersion = 15.0.28307.757
MinimumVisualStudioVersion = 10.0.40219.1
Project("{FAE04EC0-301F-11D3-BF4B-00C04F79EFBC}") = "DataAccessLayer", "DataAccessLayer\DataAccessLayer.csproj", "{8BF37BD7-7661-4CCD-B2E9-79BE500A3643}"
EndProject
Project("{FAE04EC0-301F-11D3-BF4B-00C04F79EFBC}") = "BusinessLayer", "BusinessLayer\BusinessLayer.csproj", "{052EDF94-9DF6-49E7-BE5B-6B3AF54816E1}"
EndProject
Project("{FAE04EC0-301F-11D3-BF4B-00C04F79EFBC}") = "Entities", "Entities\Entities.csproj", "{FD9035C8-24BA-44AA-9C7D-AA8E432D18DD}"
EndProject
Project("{FAE04EC0-301F-11D3-BF4B-00C04F79EFBC}") = "ConsoleINTERFACE", "ConsoleINTERFACE\ConsoleINTERFACE.csproj", "{3F8E900A-EF9D-4299-934A-4821076162BF}"
EndProject
Global
	GlobalSection(SolutionConfigurationPlatforms) = preSolution
		Debug|Any CPU = Debug|Any CPU
		Release|Any CPU = Release|Any CPU
	EndGlobalSection
	GlobalSection(ProjectConfigurationPlatforms) = postSolution
		{8BF37BD7-7661-4CCD-B2E9-79BE500A3643}.Debug|Any CPU.ActiveCfg = Debug|Any CPU
		{8BF37BD7-7661-4CCD-B2E9-79BE500A3643}.Debug|Any CPU.Build.0 = Debug|Any CPU
		{8BF37BD7-7661-4CCD-B2E9-79BE500A3643}.Release|Any CPU.ActiveCfg = Release|Any CPU
		{8BF37BD7-7661-4CCD-B2E9-79BE500A3643}.Release|Any CPU.Build.0 = Release|Any CPU
		{052EDF94-9DF6-49E7-BE5B-6B3AF54816E1}.Debug|Any CPU.ActiveCfg = Debug|Any CPU
		{052EDF94-9DF6-49E7-BE5B-6B3AF54816E1}.Debug|Any CPU.Build.0 = Debug|Any CPU
		{052EDF94-9DF6-49E7-BE5B-6B3AF54816E1}.Release|Any CPU.ActiveCfg = Release|Any CPU
		{052EDF94-9DF6-49E7-BE5B-6B3AF54816E1}.Release|Any CPU.Build.0 = Release|Any CPU
		{FD9035C8-24BA-44AA-9C7D-AA8E432D18DD}.Debug|Any CPU.ActiveCfg = Debug|Any CPU
		{FD9035C8-24BA-44AA-9C7D-AA8E432D18DD}.Debug|Any CPU.Build.0 = Debug|Any CPU
		{FD9035C8-24BA-44AA-9C7D-AA8E432D18DD}.Release|Any CPU.ActiveCfg = Release|Any CPU
		{FD9035C8-24BA-44AA-9C7D-AA8E432D18DD}.Release|Any CPU.Build.0 = Release|Any CPU
		{3F8E900A-EF9D-4299-934A-4821076162BF}.Debug|Any CPU.ActiveCfg = Debug|Any CPU
		{3F8E900A-EF9D-4299-934A-4821076162BF}.Debug|Any CPU.Build.0 = Debug|Any CPU
		{3F8E900A-EF9D-4299-934A-4821076162BF}.Release|Any CPU.ActiveCfg = Release|Any CPU
		{3F8E900A-EF9D-4299-934A-4821076162BF}.Release|Any CPU.Build.0 = Release|Any CPU
	EndGlobalSection
	GlobalSection(SolutionProperties) = preSolution
		HideSolutionNode = FALSE
	EndGlobalSection
	GlobalSection(ExtensibilityGlobals) = postSolution
		SolutionGuid = {66F88A03-DC7D-4077-B488-5FEBBA1B8100}
	EndGlobalSection
EndGlobal
